// !$*UTF8*$!
{
	archiveVersion = 1;
	classes = {
	};
	objectVersion = 46;
	objects = {

/* Begin PBXBuildFile section */
		F0B250261BD9C46B0063E01B /* main.m in Sources */ = {isa = PBXBuildFile; fileRef = F0B250251BD9C46B0063E01B /* main.m */; };
		F0B250291BD9C46B0063E01B /* AppDelegate.m in Sources */ = {isa = PBXBuildFile; fileRef = F0B250281BD9C46B0063E01B /* AppDelegate.m */; };
		F0B2502C1BD9C46B0063E01B /* ViewController.m in Sources */ = {isa = PBXBuildFile; fileRef = F0B2502B1BD9C46B0063E01B /* ViewController.m */; };
		F0B2502F1BD9C46B0063E01B /* Main.storyboard in Resources */ = {isa = PBXBuildFile; fileRef = F0B2502D1BD9C46B0063E01B /* Main.storyboard */; };
		F0B250311BD9C46B0063E01B /* Images.xcassets in Resources */ = {isa = PBXBuildFile; fileRef = F0B250301BD9C46B0063E01B /* Images.xcassets */; };
		F0B250341BD9C46B0063E01B /* LaunchScreen.xib in Resources */ = {isa = PBXBuildFile; fileRef = F0B250321BD9C46B0063E01B /* LaunchScreen.xib */; };
		F0B250401BD9C46B0063E01B /* EngineDelegateDemoTests.m in Sources */ = {isa = PBXBuildFile; fileRef = F0B2503F1BD9C46B0063E01B /* EngineDelegateDemoTests.m */; };
/* End PBXBuildFile section */

/* Begin PBXContainerItemProxy section */
		F0B2503A1BD9C46B0063E01B /* PBXContainerItemProxy */ = {
			isa = PBXContainerItemProxy;
			containerPortal = F0B250181BD9C46B0063E01B /* Project object */;
			proxyType = 1;
			remoteGlobalIDString = F0B2501F1BD9C46B0063E01B;
			remoteInfo = EngineDelegateDemo;
		};
/* End PBXContainerItemProxy section */

/* Begin PBXFileReference section */
		F0B250201BD9C46B0063E01B /* EngineDelegateDemo.app */ = {isa = PBXFileReference; explicitFileType = wrapper.application; includeInIndex = 0; path = EngineDelegateDemo.app; sourceTree = BUILT_PRODUCTS_DIR; };
		F0B250241BD9C46B0063E01B /* Info.plist */ = {isa = PBXFileReference; lastKnownFileType = text.plist.xml; path = Info.plist; sourceTree = "<group>"; };
		F0B250251BD9C46B0063E01B /* main.m */ = {isa = PBXFileReference; lastKnownFileType = sourcecode.c.objc; path = main.m; sourceTree = "<group>"; };
		F0B250271BD9C46B0063E01B /* AppDelegate.h */ = {isa = PBXFileReference; lastKnownFileType = sourcecode.c.h; path = AppDelegate.h; sourceTree = "<group>"; };
		F0B250281BD9C46B0063E01B /* AppDelegate.m */ = {isa = PBXFileReference; lastKnownFileType = sourcecode.c.objc; path = AppDelegate.m; sourceTree = "<group>"; };
		F0B2502A1BD9C46B0063E01B /* ViewController.h */ = {isa = PBXFileReference; lastKnownFileType = sourcecode.c.h; path = ViewController.h; sourceTree = "<group>"; };
		F0B2502B1BD9C46B0063E01B /* ViewController.m */ = {isa = PBXFileReference; lastKnownFileType = sourcecode.c.objc; path = ViewController.m; sourceTree = "<group>"; };
		F0B2502E1BD9C46B0063E01B /* Base */ = {isa = PBXFileReference; lastKnownFileType = file.storyboard; name = Base; path = Base.lproj/Main.storyboard; sourceTree = "<group>"; };
		F0B250301BD9C46B0063E01B /* Images.xcassets */ = {isa = PBXFileReference; lastKnownFileType = folder.assetcatalog; path = Images.xcassets; sourceTree = "<group>"; };
		F0B250331BD9C46B0063E01B /* Base */ = {isa = PBXFileReference; lastKnownFileType = file.xib; name = Base; path = Base.lproj/LaunchScreen.xib; sourceTree = "<group>"; };
		F0B250391BD9C46B0063E01B /* EngineDelegateDemoTests.xctest */ = {isa = PBXFileReference; explicitFileType = wrapper.cfbundle; includeInIndex = 0; path = EngineDelegateDemoTests.xctest; sourceTree = BUILT_PRODUCTS_DIR; };
		F0B2503E1BD9C46B0063E01B /* Info.plist */ = {isa = PBXFileReference; lastKnownFileType = text.plist.xml; path = Info.plist; sourceTree = "<group>"; };
		F0B2503F1BD9C46B0063E01B /* EngineDelegateDemoTests.m */ = {isa = PBXFileReference; lastKnownFileType = sourcecode.c.objc; path = EngineDelegateDemoTests.m; sourceTree = "<group>"; };
/* End PBXFileReference section */

/* Begin PBXFrameworksBuildPhase section */
		F0B2501D1BD9C46B0063E01B /* Frameworks */ = {
			isa = PBXFrameworksBuildPhase;
			buildActionMask = 2147483647;
			files = (
			);
			runOnlyForDeploymentPostprocessing = 0;
		};
		F0B250361BD9C46B0063E01B /* Frameworks */ = {
			isa = PBXFrameworksBuildPhase;
			buildActionMask = 2147483647;
			files = (
			);
			runOnlyForDeploymentPostprocessing = 0;
		};
/* End PBXFrameworksBuildPhase section */

/* Begin PBXGroup section */
		F0B250171BD9C46B0063E01B = {
			isa = PBXGroup;
			children = (
				F0B250221BD9C46B0063E01B /* EngineDelegateDemo */,
				F0B2503C1BD9C46B0063E01B /* EngineDelegateDemoTests */,
				F0B250211BD9C46B0063E01B /* Products */,
			);
			sourceTree = "<group>";
		};
		F0B250211BD9C46B0063E01B /* Products */ = {
			isa = PBXGroup;
			children = (
				F0B250201BD9C46B0063E01B /* EngineDelegateDemo.app */,
				F0B250391BD9C46B0063E01B /* EngineDelegateDemoTests.xctest */,
			);
			name = Products;
			sourceTree = "<group>";
		};
		F0B250221BD9C46B0063E01B /* EngineDelegateDemo */ = {
			isa = PBXGroup;
			children = (
				F0B250271BD9C46B0063E01B /* AppDelegate.h */,
				F0B250281BD9C46B0063E01B /* AppDelegate.m */,
				F0B2502A1BD9C46B0063E01B /* ViewController.h */,
				F0B2502B1BD9C46B0063E01B /* ViewController.m */,
				F0B2502D1BD9C46B0063E01B /* Main.storyboard */,
				F0B250301BD9C46B0063E01B /* Images.xcassets */,
				F0B250321BD9C46B0063E01B /* LaunchScreen.xib */,
				F0B250231BD9C46B0063E01B /* Supporting Files */,
			);
			path = EngineDelegateDemo;
			sourceTree = "<group>";
		};
		F0B250231BD9C46B0063E01B /* Supporting Files */ = {
			isa = PBXGroup;
			children = (
				F0B250241BD9C46B0063E01B /* Info.plist */,
				F0B250251BD9C46B0063E01B /* main.m */,
			);
			name = "Supporting Files";
			sourceTree = "<group>";
		};
		F0B2503C1BD9C46B0063E01B /* EngineDelegateDemoTests */ = {
			isa = PBXGroup;
			children = (
				F0B2503F1BD9C46B0063E01B /* EngineDelegateDemoTests.m */,
				F0B2503D1BD9C46B0063E01B /* Supporting Files */,
			);
			path = EngineDelegateDemoTests;
			sourceTree = "<group>";
		};
		F0B2503D1BD9C46B0063E01B /* Supporting Files */ = {
			isa = PBXGroup;
			children = (
				F0B2503E1BD9C46B0063E01B /* Info.plist */,
			);
			name = "Supporting Files";
			sourceTree = "<group>";
		};
/* End PBXGroup section */

/* Begin PBXNativeTarget section */
		F0B2501F1BD9C46B0063E01B /* EngineDelegateDemo */ = {
			isa = PBXNativeTarget;
			buildConfigurationList = F0B250431BD9C46B0063E01B /* Build configuration list for PBXNativeTarget "EngineDelegateDemo" */;
			buildPhases = (
				F0B2501C1BD9C46B0063E01B /* Sources */,
				F0B2501D1BD9C46B0063E01B /* Frameworks */,
				F0B2501E1BD9C46B0063E01B /* Resources */,
			);
			buildRules = (
			);
			dependencies = (
			);
			name = EngineDelegateDemo;
			productName = EngineDelegateDemo;
			productReference = F0B250201BD9C46B0063E01B /* EngineDelegateDemo.app */;
			productType = "com.apple.product-type.application";
		};
		F0B250381BD9C46B0063E01B /* EngineDelegateDemoTests */ = {
			isa = PBXNativeTarget;
			buildConfigurationList = F0B250461BD9C46B0063E01B /* Build configuration list for PBXNativeTarget "EngineDelegateDemoTests" */;
			buildPhases = (
				F0B250351BD9C46B0063E01B /* Sources */,
				F0B250361BD9C46B0063E01B /* Frameworks */,
				F0B250371BD9C46B0063E01B /* Resources */,
			);
			buildRules = (
			);
			dependencies = (
				F0B2503B1BD9C46B0063E01B /* PBXTargetDependency */,
			);
			name = EngineDelegateDemoTests;
			productName = EngineDelegateDemoTests;
			productReference = F0B250391BD9C46B0063E01B /* EngineDelegateDemoTests.xctest */;
			productType = "com.apple.product-type.bundle.unit-test";
		};
/* End PBXNativeTarget section */

/* Begin PBXProject section */
		F0B250181BD9C46B0063E01B /* Project object */ = {
			isa = PBXProject;
			attributes = {
				LastUpgradeCheck = 0640;
				ORGANIZATIONNAME = "中软mini003";
				TargetAttributes = {
					F0B2501F1BD9C46B0063E01B = {
						CreatedOnToolsVersion = 6.4;
					};
					F0B250381BD9C46B0063E01B = {
						CreatedOnToolsVersion = 6.4;
						TestTargetID = F0B2501F1BD9C46B0063E01B;
					};
				};
			};
			buildConfigurationList = F0B2501B1BD9C46B0063E01B /* Build configuration list for PBXProject "EngineDelegateDemo" */;
			compatibilityVersion = "Xcode 3.2";
			developmentRegion = English;
			hasScannedForEncodings = 0;
			knownRegions = (
				en,
				Base,
			);
			mainGroup = F0B250171BD9C46B0063E01B;
			productRefGroup = F0B250211BD9C46B0063E01B /* Products */;
			projectDirPath = "";
			projectRoot = "";
			targets = (
				F0B2501F1BD9C46B0063E01B /* EngineDelegateDemo */,
				F0B250381BD9C46B0063E01B /* EngineDelegateDemoTests */,
			);
		};
/* End PBXProject section */

/* Begin PBXResourcesBuildPhase section */
		F0B2501E1BD9C46B0063E01B /* Resources */ = {
			isa = PBXResourcesBuildPhase;
			buildActionMask = 2147483647;
			files = (
				F0B2502F1BD9C46B0063E01B /* Main.storyboard in Resources */,
				F0B250341BD9C46B0063E01B /* LaunchScreen.xib in Resources */,
				F0B250311BD9C46B0063E01B /* Images.xcassets in Resources */,
			);
			runOnlyForDeploymentPostprocessing = 0;
		};
		F0B250371BD9C46B0063E01B /* Resources */ = {
			isa = PBXResourcesBuildPhase;
			buildActionMask = 2147483647;
			files = (
			);
			runOnlyForDeploymentPostprocessing = 0;
		};
/* End PBXResourcesBuildPhase section */

/* Begin PBXSourcesBuildPhase section */
		F0B2501C1BD9C46B0063E01B /* Sources */ = {
			isa = PBXSourcesBuildPhase;
			buildActionMask = 2147483647;
			files = (
				F0B2502C1BD9C46B0063E01B /* ViewController.m in Sources */,
				F0B250291BD9C46B0063E01B /* AppDelegate.m in Sources */,
				F0B250261BD9C46B0063E01B /* main.m in Sources */,
			);
			runOnlyForDeploymentPostprocessing = 0;
		};
		F0B250351BD9C46B0063E01B /* Sources */ = {
			isa = PBXSourcesBuildPhase;
			buildActionMask = 2147483647;
			files = (
				F0B250401BD9C46B0063E01B /* EngineDelegateDemoTests.m in Sources */,
			);
			runOnlyForDeploymentPostprocessing = 0;
		};
/* End PBXSourcesBuildPhase section */

/* Begin PBXTargetDependency section */
		F0B2503B1BD9C46B0063E01B /* PBXTargetDependency */ = {
			isa = PBXTargetDependency;
			target = F0B2501F1BD9C46B0063E01B /* EngineDelegateDemo */;
			targetProxy = F0B2503A1BD9C46B0063E01B /* PBXContainerItemProxy */;
		};
/* End PBXTargetDependency section */

/* Begin PBXVariantGroup section */
		F0B2502D1BD9C46B0063E01B /* Main.storyboard */ = {
			isa = PBXVariantGroup;
			children = (
				F0B2502E1BD9C46B0063E01B /* Base */,
			);
			name = Main.storyboard;
			sourceTree = "<group>";
		};
		F0B250321BD9C46B0063E01B /* LaunchScreen.xib */ = {
			isa = PBXVariantGroup;
			children = (
				F0B250331BD9C46B0063E01B /* Base */,
			);
			name = LaunchScreen.xib;
			sourceTree = "<group>";
		};
/* End PBXVariantGroup section */

/* Begin XCBuildConfiguration section */
		F0B250411BD9C46B0063E01B /* Debug */ = {
			isa = XCBuildConfiguration;
			buildSettings = {
				ALWAYS_SEARCH_USER_PATHS = NO;
				CLANG_CXX_LANGUAGE_STANDARD = "gnu++0x";
				CLANG_CXX_LIBRARY = "libc++";
				CLANG_ENABLE_MODULES = YES;
				CLANG_ENABLE_OBJC_ARC = YES;
				CLANG_WARN_BOOL_CONVERSION = YES;
				CLANG_WARN_CONSTANT_CONVERSION = YES;
				CLANG_WARN_DIRECT_OBJC_ISA_USAGE = YES_ERROR;
				CLANG_WARN_EMPTY_BODY = YES;
				CLANG_WARN_ENUM_CONVERSION = YES;
				CLANG_WARN_INT_CONVERSION = YES;
				CLANG_WARN_OBJC_ROOT_CLASS = YES_ERROR;
				CLANG_WARN_UNREACHABLE_CODE = YES;
				CLANG_WARN__DUPLICATE_METHOD_MATCH = YES;
				"CODE_SIGN_IDENTITY[sdk=iphoneos*]" = "iPhone Developer";
				COPY_PHASE_STRIP = NO;
				DEBUG_INFORMATION_FORMAT = "dwarf-with-dsym";
				ENABLE_STRICT_OBJC_MSGSEND = YES;
				GCC_C_LANGUAGE_STANDARD = gnu99;
				GCC_DYNAMIC_NO_PIC = NO;
				GCC_NO_COMMON_BLOCKS = YES;
				GCC_OPTIMIZATION_LEVEL = 0;
				GCC_PREPROCESSOR_DEFINITIONS = (
					"DEBUG=1",
					"$(inherited)",
				);
				GCC_SYMBOLS_PRIVATE_EXTERN = NO;
				GCC_WARN_64_TO_32_BIT_CONVERSION = YES;
				GCC_WARN_ABOUT_RETURN_TYPE = YES_ERROR;
				GCC_WARN_UNDECLARED_SELECTOR = YES;
				GCC_WARN_UNINITIALIZED_AUTOS = YES_AGGRESSIVE;
				GCC_WARN_UNUSED_FUNCTION = YES;
				GCC_WARN_UNUSED_VARIABLE = YES;
				IPHONEOS_DEPLOYMENT_TARGET = 8.4;
				MTL_ENABLE_DEBUG_INFO = YES;
				ONLY_ACTIVE_ARCH = YES;
				SDKROOT = iphoneos;
				TARGETED_DEVICE_FAMILY = "1,2";
			};
			name = Debug;
		};
		F0B250421BD9C46B0063E01B /* Release */ = {
			isa = XCBuildConfiguration;
			buildSettings = {
				ALWAYS_SEARCH_USER_PATHS = NO;
				CLANG_CXX_LANGUAGE_STANDARD = "gnu++0x";
				CLANG_CXX_LIBRARY = "libc++";
				CLANG_ENABLE_MODULES = YES;
				CLANG_ENABLE_OBJC_ARC = YES;
				CLANG_WARN_BOOL_CONVERSION = YES;
				CLANG_WARN_CONSTANT_CONVERSION = YES;
				CLANG_WARN_DIRECT_OBJC_ISA_USAGE = YES_ERROR;
				CLANG_WARN_EMPTY_BODY = YES;
				CLANG_WARN_ENUM_CONVERSION = YES;
				CLANG_WARN_INT_CONVERSION = YES;
				CLANG_WARN_OBJC_ROOT_CLASS = YES_ERROR;
				CLANG_WARN_UNREACHABLE_CODE = YES;
				CLANG_WARN__DUPLICATE_METHOD_MATCH = YES;
				"CODE_SIGN_IDENTITY[sdk=iphoneos*]" = "iPhone Developer";
				COPY_PHASE_STRIP = NO;
				DEBUG_INFORMATION_FORMAT = "dwarf-with-dsym";
				ENABLE_NS_ASSERTIONS = NO;
				ENABLE_STRICT_OBJC_MSGSEND = YES;
				GCC_C_LANGUAGE_STANDARD = gnu99;
				GCC_NO_COMMON_BLOCKS = YES;
				GCC_WARN_64_TO_32_BIT_CONVERSION = YES;
				GCC_WARN_ABOUT_RETURN_TYPE = YES_ERROR;
				GCC_WARN_UNDECLARED_SELECTOR = YES;
				GCC_WARN_UNINITIALIZED_AUTOS = YES_AGGRESSIVE;
				GCC_WARN_UNUSED_FUNCTION = YES;
				GCC_WARN_UNUSED_VARIABLE = YES;
				IPHONEOS_DEPLOYMENT_TARGET = 8.4;
				MTL_ENABLE_DEBUG_INFO = NO;
				SDKROOT = iphoneos;
				TARGETED_DEVICE_FAMILY = "1,2";
				VALIDATE_PRODUCT = YES;
			};
			name = Release;
		};
		F0B250441BD9C46B0063E01B /* Debug */ = {
			isa = XCBuildConfiguration;
			buildSettings = {
				ASSETCATALOG_COMPILER_APPICON_NAME = AppIcon;
				INFOPLIST_FILE = EngineDelegateDemo/Info.plist;
				LD_RUNPATH_SEARCH_PATHS = "$(inherited) @executable_path/Frameworks";
				PRODUCT_NAME = "$(TARGET_NAME)";
			};
			name = Debug;
		};
		F0B250451BD9C46B0063E01B /* Release */ = {
			isa = XCBuildConfiguration;
			buildSettings = {
				ASSETCATALOG_COMPILER_APPICON_NAME = AppIcon;
				INFOPLIST_FILE = EngineDelegateDemo/Info.plist;
				LD_RUNPATH_SEARCH_PATHS = "$(inherited) @executable_path/Frameworks";
				PRODUCT_NAME = "$(TARGET_NAME)";
			};
			name = Release;
		};
		F0B250471BD9C46B0063E01B /* Debug */ = {
			isa = XCBuildConfiguration;
			buildSettings = {
				BUNDLE_LOADER = "$(TEST_HOST)";
				FRAMEWORK_SEARCH_PATHS = (
					"$(SDKROOT)/Developer/Library/Frameworks",
					"$(inherited)",
				);
				GCC_PREPROCESSOR_DEFINITIONS = (
					"DEBUG=1",
					"$(inherited)",
				);
				INFOPLIST_FILE = EngineDelegateDemoTests/Info.plist;
				LD_RUNPATH_SEARCH_PATHS = "$(inherited) @executable_path/Frameworks @loader_path/Frameworks";
				PRODUCT_NAME = "$(TARGET_NAME)";
				TEST_HOST = "$(BUILT_PRODUCTS_DIR)/EngineDelegateDemo.app/EngineDelegateDemo";
			};
			name = Debug;
		};
		F0B250481BD9C46B0063E01B /* Release */ = {
			isa = XCBuildConfiguration;
			buildSettings = {
				BUNDLE_LOADER = "$(TEST_HOST)";
				FRAMEWORK_SEARCH_PATHS = (
					"$(SDKROOT)/Developer/Library/Frameworks",
					"$(inherited)",
				);
				INFOPLIST_FILE = EngineDelegateDemoTests/Info.plist;
				LD_RUNPATH_SEARCH_PATHS = "$(inherited) @executable_path/Frameworks @loader_path/Frameworks";
				PRODUCT_NAME = "$(TARGET_NAME)";
				TEST_HOST = "$(BUILT_PRODUCTS_DIR)/EngineDelegateDemo.app/EngineDelegateDemo";
			};
			name = Release;
		};
/* End XCBuildConfiguration section */

/* Begin XCConfigurationList section */
		F0B2501B1BD9C46B0063E01B /* Build configuration list for PBXProject "EngineDelegateDemo" */ = {
			isa = XCConfigurationList;
			buildConfigurations = (
				F0B250411BD9C46B0063E01B /* Debug */,
				F0B250421BD9C46B0063E01B /* Release */,
			);
			defaultConfigurationIsVisible = 0;
			defaultConfigurationName = Release;
		};
		F0B250431BD9C46B0063E01B /* Build configuration list for PBXNativeTarget "EngineDelegateDemo" */ = {
			isa = XCConfigurationList;
			buildConfigurations = (
				F0B250441BD9C46B0063E01B /* Debug */,
				F0B250451BD9C46B0063E01B /* Release */,
			);
			defaultConfigurationIsVisible = 0;
		};
		F0B250461BD9C46B0063E01B /* Build configuration list for PBXNativeTarget "EngineDelegateDemoTests" */ = {
			isa = XCConfigurationList;
			buildConfigurations = (
				F0B250471BD9C46B0063E01B /* Debug */,
				F0B250481BD9C46B0063E01B /* Release */,
			);
			defaultConfigurationIsVisible = 0;
		};
/* End XCConfigurationList section */
	};
	rootObject = F0B250181BD9C46B0063E01B /* Project object */;
}
